
Microsoft Visual Studio Solution File, Format Version 12.00
# Visual Studio 2012
Project("{FAE04EC0-301F-11D3-BF4B-00C04F79EFBC}") = "Shovel", "Shovel.csproj", "{9BD7A086-6456-4AD7-AB53-E356054A07A6}"
EndProject
Project("{FAE04EC0-301F-11D3-BF4B-00C04F79EFBC}") = "Shovel.Tests", "..\Shovel.Tests\Shovel.Tests.csproj", "{AF4F8797-0313-4139-B540-0255F2C209E8}"
EndProject
Global
	GlobalSection(SolutionConfigurationPlatforms) = preSolution
		Debug|Any CPU = Debug|Any CPU
		Release|Any CPU = Release|Any CPU
	EndGlobalSection
	GlobalSection(ProjectConfigurationPlatforms) = postSolution
		{9BD7A086-6456-4AD7-AB53-E356054A07A6}.Debug|Any CPU.ActiveCfg = Debug|Any CPU
		{9BD7A086-6456-4AD7-AB53-E356054A07A6}.Debug|Any CPU.Build.0 = Debug|Any CPU
		{9BD7A086-6456-4AD7-AB53-E356054A07A6}.Release|Any CPU.ActiveCfg = Release|Any CPU
		{9BD7A086-6456-4AD7-AB53-E356054A07A6}.Release|Any CPU.Build.0 = Release|Any CPU
		{AF4F8797-0313-4139-B540-0255F2C209E8}.Debug|Any CPU.ActiveCfg = Debug|Any CPU
		{AF4F8797-0313-4139-B540-0255F2C209E8}.Debug|Any CPU.Build.0 = Debug|Any CPU
		{AF4F8797-0313-4139-B540-0255F2C209E8}.Release|Any CPU.ActiveCfg = Release|Any CPU
		{AF4F8797-0313-4139-B540-0255F2C209E8}.Release|Any CPU.Build.0 = Release|Any CPU
	EndGlobalSection
	GlobalSection(SolutionProperties) = preSolution
		HideSolutionNode = FALSE
	EndGlobalSection
EndGlobal
